
Microsoft Visual Studio Solution File, Format Version 12.00
# Visual Studio Version 17
VisualStudioVersion = 17.5.33516.290
MinimumVisualStudioVersion = 10.0.40219.1
Project("{9A19103F-16F7-4668-BE54-9A1E7A4F7556}") = "TAL-CalendarBooking", "Src\Presentation\CalendarBooking-Console\TAL-CalendarBooking.csproj", "{B76B5849-A0C2-4436-8238-B9632BD944D5}"
EndProject
Project("{2150E333-8FDC-42A3-9474-1A3956D46DE8}") = "Src", "Src", "{371FFC59-6F0F-425F-8032-0A4A7FC68E6B}"
EndProject
Project("{2150E333-8FDC-42A3-9474-1A3956D46DE8}") = "Docs", "Docs", "{D0AF7E89-6EDB-49F9-BCA1-D1E56CA60164}"
EndProject
Project("{2150E333-8FDC-42A3-9474-1A3956D46DE8}") = "Tests", "Tests", "{A99B9EDD-7B9A-466C-91E3-5480257E3D50}"
EndProject
Project("{2150E333-8FDC-42A3-9474-1A3956D46DE8}") = "Presentation", "Presentation", "{3AC6EFAE-98C3-4D83-83C4-F6D2E706431C}"
EndProject
Project("{2150E333-8FDC-42A3-9474-1A3956D46DE8}") = "Infrastructure", "Infrastructure", "{9E2708E9-84A9-454A-8A12-4F68259C6FD6}"
EndProject
Project("{2150E333-8FDC-42A3-9474-1A3956D46DE8}") = "Core", "Core", "{C256AEF8-E338-45B9-A5C7-1771BD9F9889}"
EndProject
Project("{9A19103F-16F7-4668-BE54-9A1E7A4F7556}") = "Domain", "Src\Core\Domain\Domain.csproj", "{087ADBDD-8536-4F5A-8F57-30EA0C3E47CE}"
EndProject
Project("{9A19103F-16F7-4668-BE54-9A1E7A4F7556}") = "Application", "Src\Core\Application\Application.csproj", "{A7632C5A-F310-453E-99F8-EC10EE52162A}"
EndProject
Project("{9A19103F-16F7-4668-BE54-9A1E7A4F7556}") = "Common", "Src\Core\Common\Common.csproj", "{2DDD1AAE-6529-4BC8-BB0E-07056BDA90F7}"
EndProject
Project("{9A19103F-16F7-4668-BE54-9A1E7A4F7556}") = "Persistence", "Src\Infrastructure\Persistence\Persistence.csproj", "{1619CC4F-136B-4C3B-85D1-5146ACBD0EE4}"
EndProject
Project("{9A19103F-16F7-4668-BE54-9A1E7A4F7556}") = "Infrastructure", "Src\Infrastructure\Infrastructure\Infrastructure.csproj", "{1AC969EC-26C1-4BF5-BCDC-6BB5B03A6B03}"
EndProject
Global
	GlobalSection(SolutionConfigurationPlatforms) = preSolution
		Debug|Any CPU = Debug|Any CPU
		Release|Any CPU = Release|Any CPU
	EndGlobalSection
	GlobalSection(ProjectConfigurationPlatforms) = postSolution
		{B76B5849-A0C2-4436-8238-B9632BD944D5}.Debug|Any CPU.ActiveCfg = Debug|Any CPU
		{B76B5849-A0C2-4436-8238-B9632BD944D5}.Debug|Any CPU.Build.0 = Debug|Any CPU
		{B76B5849-A0C2-4436-8238-B9632BD944D5}.Release|Any CPU.ActiveCfg = Release|Any CPU
		{B76B5849-A0C2-4436-8238-B9632BD944D5}.Release|Any CPU.Build.0 = Release|Any CPU
		{087ADBDD-8536-4F5A-8F57-30EA0C3E47CE}.Debug|Any CPU.ActiveCfg = Debug|Any CPU
		{087ADBDD-8536-4F5A-8F57-30EA0C3E47CE}.Debug|Any CPU.Build.0 = Debug|Any CPU
		{087ADBDD-8536-4F5A-8F57-30EA0C3E47CE}.Release|Any CPU.ActiveCfg = Release|Any CPU
		{087ADBDD-8536-4F5A-8F57-30EA0C3E47CE}.Release|Any CPU.Build.0 = Release|Any CPU
		{A7632C5A-F310-453E-99F8-EC10EE52162A}.Debug|Any CPU.ActiveCfg = Debug|Any CPU
		{A7632C5A-F310-453E-99F8-EC10EE52162A}.Debug|Any CPU.Build.0 = Debug|Any CPU
		{A7632C5A-F310-453E-99F8-EC10EE52162A}.Release|Any CPU.ActiveCfg = Release|Any CPU
		{A7632C5A-F310-453E-99F8-EC10EE52162A}.Release|Any CPU.Build.0 = Release|Any CPU
		{2DDD1AAE-6529-4BC8-BB0E-07056BDA90F7}.Debug|Any CPU.ActiveCfg = Debug|Any CPU
		{2DDD1AAE-6529-4BC8-BB0E-07056BDA90F7}.Debug|Any CPU.Build.0 = Debug|Any CPU
		{2DDD1AAE-6529-4BC8-BB0E-07056BDA90F7}.Release|Any CPU.ActiveCfg = Release|Any CPU
		{2DDD1AAE-6529-4BC8-BB0E-07056BDA90F7}.Release|Any CPU.Build.0 = Release|Any CPU
		{1619CC4F-136B-4C3B-85D1-5146ACBD0EE4}.Debug|Any CPU.ActiveCfg = Debug|Any CPU
		{1619CC4F-136B-4C3B-85D1-5146ACBD0EE4}.Debug|Any CPU.Build.0 = Debug|Any CPU
		{1619CC4F-136B-4C3B-85D1-5146ACBD0EE4}.Release|Any CPU.ActiveCfg = Release|Any CPU
		{1619CC4F-136B-4C3B-85D1-5146ACBD0EE4}.Release|Any CPU.Build.0 = Release|Any CPU
		{1AC969EC-26C1-4BF5-BCDC-6BB5B03A6B03}.Debug|Any CPU.ActiveCfg = Debug|Any CPU
		{1AC969EC-26C1-4BF5-BCDC-6BB5B03A6B03}.Debug|Any CPU.Build.0 = Debug|Any CPU
		{1AC969EC-26C1-4BF5-BCDC-6BB5B03A6B03}.Release|Any CPU.ActiveCfg = Release|Any CPU
		{1AC969EC-26C1-4BF5-BCDC-6BB5B03A6B03}.Release|Any CPU.Build.0 = Release|Any CPU
	EndGlobalSection
	GlobalSection(SolutionProperties) = preSolution
		HideSolutionNode = FALSE
	EndGlobalSection
	GlobalSection(NestedProjects) = preSolution
		{B76B5849-A0C2-4436-8238-B9632BD944D5} = {3AC6EFAE-98C3-4D83-83C4-F6D2E706431C}
		{3AC6EFAE-98C3-4D83-83C4-F6D2E706431C} = {371FFC59-6F0F-425F-8032-0A4A7FC68E6B}
		{9E2708E9-84A9-454A-8A12-4F68259C6FD6} = {371FFC59-6F0F-425F-8032-0A4A7FC68E6B}
		{C256AEF8-E338-45B9-A5C7-1771BD9F9889} = {371FFC59-6F0F-425F-8032-0A4A7FC68E6B}
		{087ADBDD-8536-4F5A-8F57-30EA0C3E47CE} = {C256AEF8-E338-45B9-A5C7-1771BD9F9889}
		{A7632C5A-F310-453E-99F8-EC10EE52162A} = {C256AEF8-E338-45B9-A5C7-1771BD9F9889}
		{2DDD1AAE-6529-4BC8-BB0E-07056BDA90F7} = {C256AEF8-E338-45B9-A5C7-1771BD9F9889}
		{1619CC4F-136B-4C3B-85D1-5146ACBD0EE4} = {9E2708E9-84A9-454A-8A12-4F68259C6FD6}
		{1AC969EC-26C1-4BF5-BCDC-6BB5B03A6B03} = {9E2708E9-84A9-454A-8A12-4F68259C6FD6}
	EndGlobalSection
	GlobalSection(ExtensibilityGlobals) = postSolution
		SolutionGuid = {475E28D7-2E66-4F17-9B30-C3AAAA11CE4F}
	EndGlobalSection
EndGlobal
